{
  "name": "forms",
  "version": "0.0.0",
  "lockfileVersion": 1,
  "requires": true,
  "dependencies": {
    "@angular/common": {
      "version": "4.0.0",
      "resolved": "https://registry.npmjs.org/@angular/common/-/common-4.0.0.tgz",
      "integrity": "sha1-yhiYMiL9q07Kp6i5ntpv9mHm3JI="
    },
    "@angular/compiler": {
      "version": "4.0.0",
      "resolved": "https://registry.npmjs.org/@angular/compiler/-/compiler-4.0.0.tgz",
      "integrity": "sha1-4aoGGm+O8mn5dIrxp7wpD5037Ww="
    },
    "@angular/core": {
      "version": "4.0.0",
      "resolved": "https://registry.npmjs.org/@angular/core/-/core-4.0.0.tgz",
      "integrity": "sha1-/Yd+B0sp36nGO5aiGZX8dVbUI6M="
    },
    "@angular/forms": {
      "version": "4.0.0",
      "resolved": "https://registry.npmjs.org/@angular/forms/-/forms-4.0.0.tgz",
      "integrity": "sha1-AxYwR6LoSvQhBicNouH0erD6/Dc="
    },
    "@angular/http": {
      "version": "4.0.0",
      "resolved": "https://registry.npmjs.org/@angular/http/-/http-4.0.0.tgz",
      "integrity": "sha1-RaU46sQqCxPzdEx+i6/rF9WNoxw="
    },
    "@angular/platform-browser": {
      "version": "4.0.0",
      "resolved": "https://registry.npmjs.org/@angular/platform-browser/-/platform-browser-4.0.0.tgz",
      "integrity": "sha1-USrpqxnMwl+nkCf0TikbzuI2zSs="
    },
    "@angular/platform-browser-dynamic": {
      "version": "4.0.0",
      "resolved": "https://registry.npmjs.org/@angular/platform-browser-dynamic/-/platform-browser-dynamic-4.0.0.tgz",
      "integrity": "sha1-0dnegP4eAnNb6J9RLg+vWoDVf6U="
    },
    "@angular/router": {
      "version": "4.0.0",
      "resolved": "https://registry.npmjs.org/@angular/router/-/router-4.0.0.tgz",
      "integrity": "sha1-9KLcg7ROAj2x1vLBLKWjeiLGavw="
    },
    "@types/jasmine": {
      "version": "2.5.40",
      "resolved": "https://registry.npmjs.org/@types/jasmine/-/jasmine-2.5.40.tgz",
      "integrity": "sha1-h1x65zncqxNCeU9RIxxKrc2m63k="
    },
    "core-js": {
      "version": "2.4.1",
      "resolved": "https://registry.npmjs.org/core-js/-/core-js-2.4.1.tgz",
      "integrity": "sha1-TekR5mew6ukSTjQlS1OupvxhjT4="
    },
    "reflect-metadata": {
      "version": "0.1.3",
      "resolved": "https://registry.npmjs.org/reflect-metadata/-/reflect-metadata-0.1.3.tgz",
      "integrity": "sha1-ZPikGXTk9aWqmXjaxUz9RC3C8dU="
    },
    "rxjs": {
      "version": "5.0.1",
      "resolved": "https://registry.npmjs.org/rxjs/-/rxjs-5.0.1.tgz",
      "integrity": "sha1-Omm9+fDKCphjAzcNRwj3K9+sg1Y=",
      "requires": {
        "symbol-observable": "1.0.4"
      }
    },
    "symbol-observable": {
      "version": "1.0.4",
      "resolved": "https://registry.npmjs.org/symbol-observable/-/symbol-observable-1.0.4.tgz",
      "integrity": "sha1-Kb9hXUqnEhvdiYsi1LP5vE4qoD0="
    },
    "zone.js": {
      "version": "0.8.5",
      "resolved": "https://registry.npmjs.org/zone.js/-/zone.js-0.8.5.tgz",
      "integrity": "sha1-eQbgF0gsv/TD8HnFw0MFzpQfW6I="
    }
  }
}
